{
  "name": "Anon-UI-docs",
  "lockfileVersion": 3,
  "requires": true,
  "packages": {
    "": {
      "dependencies": {
        "anon_ui": "^0.1.1"
      }
    },
    "node_modules/anon_ui": {
      "version": "0.1.1",
      "resolved": "https://registry.npmjs.org/anon_ui/-/anon_ui-0.1.1.tgz",
      "integrity": "sha512-0Ngdsfg/YZIXRZUBS1wCFAm3KuvzYi1nsBcj20YP63b8kOTX3o+nmmJQD1zQT//HH7ACS9Bq2uTNqq1tGwW5yA==",
      "bin": {
        "anonui": "cli/bin.js"
      }
    }
  }
}
